
Microsoft Visual Studio Solution File, Format Version 12.00
# Visual Studio Version 17
VisualStudioVersion = 17.14.36301.6 d17.14
MinimumVisualStudioVersion = 10.0.40219.1
Project("{FAE04EC0-301F-11D3-BF4B-00C04F79EFBC}") = "BlogApplication", "BlogApplication.csproj", "{21CDC858-8598-4AA9-AD0A-11453FAFD755}"
EndProject
Global
	GlobalSection(SolutionConfigurationPlatforms) = preSolution
		Debug|Any CPU = Debug|Any CPU
		Release|Any CPU = Release|Any CPU
	EndGlobalSection
	GlobalSection(ProjectConfigurationPlatforms) = postSolution
		{21CDC858-8598-4AA9-AD0A-11453FAFD755}.Debug|Any CPU.ActiveCfg = Debug|Any CPU
		{21CDC858-8598-4AA9-AD0A-11453FAFD755}.Debug|Any CPU.Build.0 = Debug|Any CPU
		{21CDC858-8598-4AA9-AD0A-11453FAFD755}.Release|Any CPU.ActiveCfg = Release|Any CPU
		{21CDC858-8598-4AA9-AD0A-11453FAFD755}.Release|Any CPU.Build.0 = Release|Any CPU
	EndGlobalSection
	GlobalSection(SolutionProperties) = preSolution
		HideSolutionNode = FALSE
	EndGlobalSection
	GlobalSection(ExtensibilityGlobals) = postSolution
		SolutionGuid = {2EA064AD-C143-4197-AAF8-E80248BFABB5}
	EndGlobalSection
EndGlobal
